
Microsoft Visual Studio Solution File, Format Version 12.00
# Visual Studio Version 16
VisualStudioVersion = 16.0.30523.141
MinimumVisualStudioVersion = 10.0.40219.1
Project("{FAE04EC0-301F-11D3-BF4B-00C04F79EFBC}") = "CS05Lab", "CS05Lab.csproj", "{5AA8427F-3302-4B54-9261-B6B40F5B472F}"
EndProject
Project("{FAE04EC0-301F-11D3-BF4B-00C04F79EFBC}") = "ClassLibrary1", "..\ClassLibrary1\ClassLibrary1.csproj", "{9241E79F-A409-43B6-AB8E-734FBF2ED7A6}"
EndProject
Project("{FAE04EC0-301F-11D3-BF4B-00C04F79EFBC}") = "UnitTestProject1", "..\UnitTestProject1\UnitTestProject1.csproj", "{74BCBE0C-CBA4-4975-8EBD-62E58C851212}"
EndProject
Global
	GlobalSection(SolutionConfigurationPlatforms) = preSolution
		Debug|Any CPU = Debug|Any CPU
		Release|Any CPU = Release|Any CPU
	EndGlobalSection
	GlobalSection(ProjectConfigurationPlatforms) = postSolution
		{5AA8427F-3302-4B54-9261-B6B40F5B472F}.Debug|Any CPU.ActiveCfg = Debug|Any CPU
		{5AA8427F-3302-4B54-9261-B6B40F5B472F}.Debug|Any CPU.Build.0 = Debug|Any CPU
		{5AA8427F-3302-4B54-9261-B6B40F5B472F}.Release|Any CPU.ActiveCfg = Release|Any CPU
		{5AA8427F-3302-4B54-9261-B6B40F5B472F}.Release|Any CPU.Build.0 = Release|Any CPU
		{9241E79F-A409-43B6-AB8E-734FBF2ED7A6}.Debug|Any CPU.ActiveCfg = Debug|Any CPU
		{9241E79F-A409-43B6-AB8E-734FBF2ED7A6}.Debug|Any CPU.Build.0 = Debug|Any CPU
		{9241E79F-A409-43B6-AB8E-734FBF2ED7A6}.Release|Any CPU.ActiveCfg = Release|Any CPU
		{9241E79F-A409-43B6-AB8E-734FBF2ED7A6}.Release|Any CPU.Build.0 = Release|Any CPU
		{74BCBE0C-CBA4-4975-8EBD-62E58C851212}.Debug|Any CPU.ActiveCfg = Debug|Any CPU
		{74BCBE0C-CBA4-4975-8EBD-62E58C851212}.Debug|Any CPU.Build.0 = Debug|Any CPU
		{74BCBE0C-CBA4-4975-8EBD-62E58C851212}.Release|Any CPU.ActiveCfg = Release|Any CPU
		{74BCBE0C-CBA4-4975-8EBD-62E58C851212}.Release|Any CPU.Build.0 = Release|Any CPU
	EndGlobalSection
	GlobalSection(SolutionProperties) = preSolution
		HideSolutionNode = FALSE
	EndGlobalSection
	GlobalSection(ExtensibilityGlobals) = postSolution
		SolutionGuid = {4F7312C2-9A59-466F-96F9-76C8DD73A099}
	EndGlobalSection
EndGlobal
